
Microsoft Visual Studio Solution File, Format Version 12.00
# Visual Studio 14
VisualStudioVersion = 14.0.25420.1
MinimumVisualStudioVersion = 10.0.40219.1
Project("{FAE04EC0-301F-11D3-BF4B-00C04F79EFBC}") = "Laborator1.Tema", "Laborator1.Tema\Laborator1.Tema.csproj", "{65D4F9A7-F47A-4B3F-A0D9-32BC181C77FC}"
EndProject
Global
	GlobalSection(SolutionConfigurationPlatforms) = preSolution
		Debug|Any CPU = Debug|Any CPU
		Release|Any CPU = Release|Any CPU
	EndGlobalSection
	GlobalSection(ProjectConfigurationPlatforms) = postSolution
		{65D4F9A7-F47A-4B3F-A0D9-32BC181C77FC}.Debug|Any CPU.ActiveCfg = Debug|Any CPU
		{65D4F9A7-F47A-4B3F-A0D9-32BC181C77FC}.Debug|Any CPU.Build.0 = Debug|Any CPU
		{65D4F9A7-F47A-4B3F-A0D9-32BC181C77FC}.Release|Any CPU.ActiveCfg = Release|Any CPU
		{65D4F9A7-F47A-4B3F-A0D9-32BC181C77FC}.Release|Any CPU.Build.0 = Release|Any CPU
	EndGlobalSection
	GlobalSection(SolutionProperties) = preSolution
		HideSolutionNode = FALSE
	EndGlobalSection
EndGlobal
